[[package]]
name = "docstring-parser"
version = "0.14.1"
description = "Parse Python docstrings in reST, Google and Numpydoc format"
category = "main"
optional = false
python-versions = ">=3.6,<4.0"

[metadata]
lock-version = "1.1"
python-versions = "^3.8"
content-hash = "ce7f9ffefc727a77845716854a3fd9422dde78f5ebb324bd720a60c8f5c1f5fd"

[metadata.files]
docstring-parser = [
    {file = "docstring_parser-0.14.1-py3-none-any.whl", hash = "sha256:14ac6ec1f1ba6905c4d8cb90fd0bc55394f5678183752c90e44812bf28d7a515"},
    {file = "docstring_parser-0.14.1.tar.gz", hash = "sha256:2c77522e31b7c88b1ab457a1f3c9ae38947ad719732260ba77ee8a3deb58622a"},
]
