[[package]]
name = "docstring-parser"
version = "0.13"
description = "\"Parse Python docstrings in reST, Google and Numpydoc format\""
category = "main"
optional = false
python-versions = ">=3.6"

[package.extras]
test = ["pytest", "black"]

[metadata]
lock-version = "1.1"
python-versions = "^3.9"
content-hash = "1713168455f9fa0b4256deb29f3c209f595cfca47c7d59f56251540101411de4"

[metadata.files]
docstring-parser = [
    {file = "docstring_parser-0.13.tar.gz", hash = "sha256:66dd7eac7232202bf220fd98a5f11491863c01f958a75fdd535c7eccac9ced78"},
]
